
Microsoft Visual Studio Solution File, Format Version 12.00
# Visual Studio Version 16
VisualStudioVersion = 16.0.30002.166
MinimumVisualStudioVersion = 10.0.40219.1
Project("{9A19103F-16F7-4668-BE54-9A1E7A4F7556}") = "RabbitMqSender", "RabbitMqSender\RabbitMqSender.csproj", "{DDA031E0-330E-4A47-B326-8B71BD549279}"
EndProject
Project("{9A19103F-16F7-4668-BE54-9A1E7A4F7556}") = "RabbitMqReceiver", "RabbitMqReceiver\RabbitMqReceiver.csproj", "{DD6C44B5-29BC-4B3F-82C2-143203BD3E07}"
EndProject
Project("{FAE04EC0-301F-11D3-BF4B-00C04F79EFBC}") = "WorkQueues.NewTask", "WorkQueues.NewTask\WorkQueues.NewTask.csproj", "{08271C44-7241-48C6-AF5E-42A0E3A7D63B}"
EndProject
Project("{FAE04EC0-301F-11D3-BF4B-00C04F79EFBC}") = "WorkQueues.Worker", "WorkQueues.Worker\WorkQueues.Worker.csproj", "{6C30C582-88B6-47F9-830C-5EF558343694}"
EndProject
Project("{FAE04EC0-301F-11D3-BF4B-00C04F79EFBC}") = "RabbitMq.Publisher", "RabbitMq.Publisher\RabbitMq.Publisher.csproj", "{422E37C9-A941-4A6A-9CE4-65CA9DBCF6C7}"
EndProject
Project("{FAE04EC0-301F-11D3-BF4B-00C04F79EFBC}") = "RabbitMq.Subscriber", "RabbitMq.Subscriber\RabbitMq.Subscriber.csproj", "{985FE9A1-F39C-4ED1-A5E1-92A118D57E3E}"
EndProject
Global
	GlobalSection(SolutionConfigurationPlatforms) = preSolution
		Debug|Any CPU = Debug|Any CPU
		Release|Any CPU = Release|Any CPU
	EndGlobalSection
	GlobalSection(ProjectConfigurationPlatforms) = postSolution
		{DDA031E0-330E-4A47-B326-8B71BD549279}.Debug|Any CPU.ActiveCfg = Debug|Any CPU
		{DDA031E0-330E-4A47-B326-8B71BD549279}.Debug|Any CPU.Build.0 = Debug|Any CPU
		{DDA031E0-330E-4A47-B326-8B71BD549279}.Release|Any CPU.ActiveCfg = Release|Any CPU
		{DDA031E0-330E-4A47-B326-8B71BD549279}.Release|Any CPU.Build.0 = Release|Any CPU
		{DD6C44B5-29BC-4B3F-82C2-143203BD3E07}.Debug|Any CPU.ActiveCfg = Debug|Any CPU
		{DD6C44B5-29BC-4B3F-82C2-143203BD3E07}.Debug|Any CPU.Build.0 = Debug|Any CPU
		{DD6C44B5-29BC-4B3F-82C2-143203BD3E07}.Release|Any CPU.ActiveCfg = Release|Any CPU
		{DD6C44B5-29BC-4B3F-82C2-143203BD3E07}.Release|Any CPU.Build.0 = Release|Any CPU
		{08271C44-7241-48C6-AF5E-42A0E3A7D63B}.Debug|Any CPU.ActiveCfg = Debug|Any CPU
		{08271C44-7241-48C6-AF5E-42A0E3A7D63B}.Debug|Any CPU.Build.0 = Debug|Any CPU
		{08271C44-7241-48C6-AF5E-42A0E3A7D63B}.Release|Any CPU.ActiveCfg = Release|Any CPU
		{08271C44-7241-48C6-AF5E-42A0E3A7D63B}.Release|Any CPU.Build.0 = Release|Any CPU
		{6C30C582-88B6-47F9-830C-5EF558343694}.Debug|Any CPU.ActiveCfg = Debug|Any CPU
		{6C30C582-88B6-47F9-830C-5EF558343694}.Debug|Any CPU.Build.0 = Debug|Any CPU
		{6C30C582-88B6-47F9-830C-5EF558343694}.Release|Any CPU.ActiveCfg = Release|Any CPU
		{6C30C582-88B6-47F9-830C-5EF558343694}.Release|Any CPU.Build.0 = Release|Any CPU
		{422E37C9-A941-4A6A-9CE4-65CA9DBCF6C7}.Debug|Any CPU.ActiveCfg = Debug|Any CPU
		{422E37C9-A941-4A6A-9CE4-65CA9DBCF6C7}.Debug|Any CPU.Build.0 = Debug|Any CPU
		{422E37C9-A941-4A6A-9CE4-65CA9DBCF6C7}.Release|Any CPU.ActiveCfg = Release|Any CPU
		{422E37C9-A941-4A6A-9CE4-65CA9DBCF6C7}.Release|Any CPU.Build.0 = Release|Any CPU
		{985FE9A1-F39C-4ED1-A5E1-92A118D57E3E}.Debug|Any CPU.ActiveCfg = Debug|Any CPU
		{985FE9A1-F39C-4ED1-A5E1-92A118D57E3E}.Debug|Any CPU.Build.0 = Debug|Any CPU
		{985FE9A1-F39C-4ED1-A5E1-92A118D57E3E}.Release|Any CPU.ActiveCfg = Release|Any CPU
		{985FE9A1-F39C-4ED1-A5E1-92A118D57E3E}.Release|Any CPU.Build.0 = Release|Any CPU
	EndGlobalSection
	GlobalSection(SolutionProperties) = preSolution
		HideSolutionNode = FALSE
	EndGlobalSection
	GlobalSection(ExtensibilityGlobals) = postSolution
		SolutionGuid = {6FCF3A17-63AD-4B96-90FE-BD734F524CA8}
	EndGlobalSection
EndGlobal
